{
  "name": "dotenv-mono-mre",
  "lockfileVersion": 3,
  "requires": true,
  "packages": {
    "": {
      "dependencies": {
        "dotenv-mono": "^1.3.14"
      }
    },
    "node_modules/dotenv": {
      "version": "16.4.5",
      "resolved": "https://registry.npmjs.org/dotenv/-/dotenv-16.4.5.tgz",
      "integrity": "sha512-ZmdL2rui+eB2YwhsWzjInR8LldtZHGDoQ1ugH85ppHKwpUHL7j7rN0Ti9NCnGiQbhaZ11FpR+7ao1dNsmduNUg==",
      "engines": {
        "node": ">=12"
      },
      "funding": {
        "url": "https://dotenvx.com"
      }
    },
    "node_modules/dotenv-expand": {
      "version": "11.0.6",
      "resolved": "https://registry.npmjs.org/dotenv-expand/-/dotenv-expand-11.0.6.tgz",
      "integrity": "sha512-8NHi73otpWsZGBSZwwknTXS5pqMOrk9+Ssrna8xCaxkzEpU9OTf9R5ArQGVw03//Zmk9MOwLPng9WwndvpAJ5g==",
      "dependencies": {
        "dotenv": "^16.4.4"
      },
      "engines": {
        "node": ">=12"
      },
      "funding": {
        "url": "https://dotenvx.com"
      }
    },
    "node_modules/dotenv-mono": {
      "version": "1.3.14",
      "resolved": "https://registry.npmjs.org/dotenv-mono/-/dotenv-mono-1.3.14.tgz",
      "integrity": "sha512-Wz8nIv9gU1IuAuHrsA0GfA3r7EygUE9JHyjJ7Tx3e8hZOWc/LI6V3k5XVLZ0/1Jd0/RFGnmb798NwtSpJGCK1Q==",
      "dependencies": {
        "dotenv": "^16.4.5",
        "dotenv-expand": "^11.0.6"
      },
      "bin": {
        "dotenv": "dist/cli.js"
      }
    }
  }
}
